
Microsoft Visual Studio Solution File, Format Version 12.00
# Visual Studio Version 17
VisualStudioVersion = 17.1.32319.34
MinimumVisualStudioVersion = 10.0.40219.1
Project("{FAE04EC0-301F-11D3-BF4B-00C04F79EFBC}") = "RecipeApp", "RecipeApp.csproj", "{D3CF4BA8-7DCB-4DC9-817D-E68695026548}"
EndProject
Global
	GlobalSection(SolutionConfigurationPlatforms) = preSolution
		Debug|Any CPU = Debug|Any CPU
		Release|Any CPU = Release|Any CPU
	EndGlobalSection
	GlobalSection(ProjectConfigurationPlatforms) = postSolution
		{D3CF4BA8-7DCB-4DC9-817D-E68695026548}.Debug|Any CPU.ActiveCfg = Debug|Any CPU
		{D3CF4BA8-7DCB-4DC9-817D-E68695026548}.Debug|Any CPU.Build.0 = Debug|Any CPU
		{D3CF4BA8-7DCB-4DC9-817D-E68695026548}.Release|Any CPU.ActiveCfg = Release|Any CPU
		{D3CF4BA8-7DCB-4DC9-817D-E68695026548}.Release|Any CPU.Build.0 = Release|Any CPU
	EndGlobalSection
	GlobalSection(SolutionProperties) = preSolution
		HideSolutionNode = FALSE
	EndGlobalSection
	GlobalSection(ExtensibilityGlobals) = postSolution
		SolutionGuid = {82219BE0-C9CF-41D7-8C4C-C9FB476D3E2D}
	EndGlobalSection
EndGlobal
